
Microsoft Visual Studio Solution File, Format Version 12.00
# Visual Studio Version 17
VisualStudioVersion = 17.11.35219.272
MinimumVisualStudioVersion = 10.0.40219.1
Project("{FAE04EC0-301F-11D3-BF4B-00C04F79EFBC}") = "3902 Project", "3902 Project\3902 Project.csproj", "{B9D5D310-9453-4AFA-8F01-93A7945CCA13}"
EndProject
Global
	GlobalSection(SolutionConfigurationPlatforms) = preSolution
		Debug|Any CPU = Debug|Any CPU
		Release|Any CPU = Release|Any CPU
	EndGlobalSection
	GlobalSection(ProjectConfigurationPlatforms) = postSolution
		{B9D5D310-9453-4AFA-8F01-93A7945CCA13}.Debug|Any CPU.ActiveCfg = Debug|Any CPU
		{B9D5D310-9453-4AFA-8F01-93A7945CCA13}.Debug|Any CPU.Build.0 = Debug|Any CPU
		{B9D5D310-9453-4AFA-8F01-93A7945CCA13}.Release|Any CPU.ActiveCfg = Release|Any CPU
		{B9D5D310-9453-4AFA-8F01-93A7945CCA13}.Release|Any CPU.Build.0 = Release|Any CPU
	EndGlobalSection
	GlobalSection(SolutionProperties) = preSolution
		HideSolutionNode = FALSE
	EndGlobalSection
	GlobalSection(ExtensibilityGlobals) = postSolution
		SolutionGuid = {C41898E9-897C-4F44-A51E-44D94767C911}
	EndGlobalSection
EndGlobal
